
Microsoft Visual Studio Solution File, Format Version 12.00
# Visual Studio Version 17
VisualStudioVersion = 17.11.35312.102
MinimumVisualStudioVersion = 10.0.40219.1
Project("{2150E333-8FDC-42A3-9474-1A3956D46DE8}") = "Task0", "Task0", "{8D7DD5AD-FABE-48BE-A2EF-063944C51BB6}"
EndProject
Project("{9A19103F-16F7-4668-BE54-9A1E7A4F7556}") = "Tyuiu.SychevAD.Sprint0.Task0.V0", "Tyuiu.SychevAD.Sprint0.Task0.V0\Tyuiu.SychevAD.Sprint0.Task0.V0.csproj", "{1DE24DDB-73BD-4CDE-9167-D4D5F77A9585}"
EndProject
Project("{2150E333-8FDC-42A3-9474-1A3956D46DE8}") = "Task3", "Task3", "{89770F49-CD9A-4C03-916D-6669CC326CE6}"
EndProject
Project("{9A19103F-16F7-4668-BE54-9A1E7A4F7556}") = "Tyuiu.SychevAD.Sprint0.Task3.V0", "Tyui.SychevAD.Sprint0.Task3.V0\Tyuiu.SychevAD.Sprint0.Task3.V0.csproj", "{9FE9D72E-D08A-4FB9-A11A-402082E6351C}"
EndProject
Project("{9A19103F-16F7-4668-BE54-9A1E7A4F7556}") = "Tyuiu.SychevAD.Sprint0.Task3.V0.Test", "Tyuiu.SychevAD.Sprint0.Task3.V0.Test\Tyuiu.SychevAD.Sprint0.Task3.V0.Test.csproj", "{A5E34112-74C7-434E-9AD5-6456F0FD41C2}"
EndProject
Project("{9A19103F-16F7-4668-BE54-9A1E7A4F7556}") = "Tyuiu.SychevAD.Sprint0.Task3.V0.Lib", "Tyuiu.SychevAD.Sprint0.Task3.V0.Lib\Tyuiu.SychevAD.Sprint0.Task3.V0.Lib.csproj", "{7F3C0F48-94DC-4569-A028-47FF97EA8F0F}"
EndProject
Project("{2150E333-8FDC-42A3-9474-1A3956D46DE8}") = "Task1", "Task1", "{34139576-4290-4C1B-9D7A-525D7C22868B}"
EndProject
Project("{9A19103F-16F7-4668-BE54-9A1E7A4F7556}") = "Tyuiu.SychevAD.Sprint0.Task1.V0", "Tyuiu.SychevAD.Sprint0.Task1.V0\Tyuiu.SychevAD.Sprint0.Task1.V0.csproj", "{BAB4E688-FACC-41C9-9E1D-B85680820071}"
EndProject
Project("{2150E333-8FDC-42A3-9474-1A3956D46DE8}") = "Task2", "Task2", "{D1CE8ABB-DE84-45DF-9B98-605302851E46}"
EndProject
Project("{9A19103F-16F7-4668-BE54-9A1E7A4F7556}") = "Tyuiu.SychevAD.Sprint0.Task2.V0", "Tyuiu.SychevAD.Sprint0.Task2.V0\Tyuiu.SychevAD.Sprint0.Task2.V0.csproj", "{EFF221AE-156A-474F-ACD9-1DB14C43918B}"
EndProject
Project("{9A19103F-16F7-4668-BE54-9A1E7A4F7556}") = "Tyuiu.SychevAD.Sprint0.Task2.V0.Lib", "Tyuiu.SychevAD.Sprint0.Task2.V0.Lib\Tyuiu.SychevAD.Sprint0.Task2.V0.Lib.csproj", "{00B050FD-D727-4AEC-8750-F45B3BB5C5CC}"
EndProject
Project("{9A19103F-16F7-4668-BE54-9A1E7A4F7556}") = "Tyuiu.SychevAD.Sprint0.Task2.V0.Test", "Tyuiu.SychevAD.Sprint0.Task2.V0.Test\Tyuiu.SychevAD.Sprint0.Task2.V0.Test.csproj", "{768453A9-417F-4739-AED5-11BF74C96836}"
EndProject
Global
	GlobalSection(SolutionConfigurationPlatforms) = preSolution
		Debug|Any CPU = Debug|Any CPU
		Release|Any CPU = Release|Any CPU
	EndGlobalSection
	GlobalSection(ProjectConfigurationPlatforms) = postSolution
		{1DE24DDB-73BD-4CDE-9167-D4D5F77A9585}.Debug|Any CPU.ActiveCfg = Debug|Any CPU
		{1DE24DDB-73BD-4CDE-9167-D4D5F77A9585}.Debug|Any CPU.Build.0 = Debug|Any CPU
		{1DE24DDB-73BD-4CDE-9167-D4D5F77A9585}.Release|Any CPU.ActiveCfg = Release|Any CPU
		{1DE24DDB-73BD-4CDE-9167-D4D5F77A9585}.Release|Any CPU.Build.0 = Release|Any CPU
		{9FE9D72E-D08A-4FB9-A11A-402082E6351C}.Debug|Any CPU.ActiveCfg = Debug|Any CPU
		{9FE9D72E-D08A-4FB9-A11A-402082E6351C}.Debug|Any CPU.Build.0 = Debug|Any CPU
		{9FE9D72E-D08A-4FB9-A11A-402082E6351C}.Release|Any CPU.ActiveCfg = Release|Any CPU
		{9FE9D72E-D08A-4FB9-A11A-402082E6351C}.Release|Any CPU.Build.0 = Release|Any CPU
		{A5E34112-74C7-434E-9AD5-6456F0FD41C2}.Debug|Any CPU.ActiveCfg = Debug|Any CPU
		{A5E34112-74C7-434E-9AD5-6456F0FD41C2}.Debug|Any CPU.Build.0 = Debug|Any CPU
		{A5E34112-74C7-434E-9AD5-6456F0FD41C2}.Release|Any CPU.ActiveCfg = Release|Any CPU
		{A5E34112-74C7-434E-9AD5-6456F0FD41C2}.Release|Any CPU.Build.0 = Release|Any CPU
		{7F3C0F48-94DC-4569-A028-47FF97EA8F0F}.Debug|Any CPU.ActiveCfg = Debug|Any CPU
		{7F3C0F48-94DC-4569-A028-47FF97EA8F0F}.Debug|Any CPU.Build.0 = Debug|Any CPU
		{7F3C0F48-94DC-4569-A028-47FF97EA8F0F}.Release|Any CPU.ActiveCfg = Release|Any CPU
		{7F3C0F48-94DC-4569-A028-47FF97EA8F0F}.Release|Any CPU.Build.0 = Release|Any CPU
		{BAB4E688-FACC-41C9-9E1D-B85680820071}.Debug|Any CPU.ActiveCfg = Debug|Any CPU
		{BAB4E688-FACC-41C9-9E1D-B85680820071}.Debug|Any CPU.Build.0 = Debug|Any CPU
		{BAB4E688-FACC-41C9-9E1D-B85680820071}.Release|Any CPU.ActiveCfg = Release|Any CPU
		{BAB4E688-FACC-41C9-9E1D-B85680820071}.Release|Any CPU.Build.0 = Release|Any CPU
		{EFF221AE-156A-474F-ACD9-1DB14C43918B}.Debug|Any CPU.ActiveCfg = Debug|Any CPU
		{EFF221AE-156A-474F-ACD9-1DB14C43918B}.Debug|Any CPU.Build.0 = Debug|Any CPU
		{EFF221AE-156A-474F-ACD9-1DB14C43918B}.Release|Any CPU.ActiveCfg = Release|Any CPU
		{EFF221AE-156A-474F-ACD9-1DB14C43918B}.Release|Any CPU.Build.0 = Release|Any CPU
		{00B050FD-D727-4AEC-8750-F45B3BB5C5CC}.Debug|Any CPU.ActiveCfg = Debug|Any CPU
		{00B050FD-D727-4AEC-8750-F45B3BB5C5CC}.Debug|Any CPU.Build.0 = Debug|Any CPU
		{00B050FD-D727-4AEC-8750-F45B3BB5C5CC}.Release|Any CPU.ActiveCfg = Release|Any CPU
		{00B050FD-D727-4AEC-8750-F45B3BB5C5CC}.Release|Any CPU.Build.0 = Release|Any CPU
		{768453A9-417F-4739-AED5-11BF74C96836}.Debug|Any CPU.ActiveCfg = Debug|Any CPU
		{768453A9-417F-4739-AED5-11BF74C96836}.Debug|Any CPU.Build.0 = Debug|Any CPU
		{768453A9-417F-4739-AED5-11BF74C96836}.Release|Any CPU.ActiveCfg = Release|Any CPU
		{768453A9-417F-4739-AED5-11BF74C96836}.Release|Any CPU.Build.0 = Release|Any CPU
	EndGlobalSection
	GlobalSection(SolutionProperties) = preSolution
		HideSolutionNode = FALSE
	EndGlobalSection
	GlobalSection(NestedProjects) = preSolution
		{1DE24DDB-73BD-4CDE-9167-D4D5F77A9585} = {8D7DD5AD-FABE-48BE-A2EF-063944C51BB6}
		{9FE9D72E-D08A-4FB9-A11A-402082E6351C} = {89770F49-CD9A-4C03-916D-6669CC326CE6}
		{A5E34112-74C7-434E-9AD5-6456F0FD41C2} = {89770F49-CD9A-4C03-916D-6669CC326CE6}
		{7F3C0F48-94DC-4569-A028-47FF97EA8F0F} = {89770F49-CD9A-4C03-916D-6669CC326CE6}
		{BAB4E688-FACC-41C9-9E1D-B85680820071} = {34139576-4290-4C1B-9D7A-525D7C22868B}
		{EFF221AE-156A-474F-ACD9-1DB14C43918B} = {D1CE8ABB-DE84-45DF-9B98-605302851E46}
		{00B050FD-D727-4AEC-8750-F45B3BB5C5CC} = {D1CE8ABB-DE84-45DF-9B98-605302851E46}
		{768453A9-417F-4739-AED5-11BF74C96836} = {D1CE8ABB-DE84-45DF-9B98-605302851E46}
	EndGlobalSection
	GlobalSection(ExtensibilityGlobals) = postSolution
		SolutionGuid = {F1E142BB-A8EC-4299-8C58-41FADDF1551A}
	EndGlobalSection
EndGlobal
